
Microsoft Visual Studio Solution File, Format Version 12.00
# Visual Studio Version 16
VisualStudioVersion = 16.0.34407.143
MinimumVisualStudioVersion = 10.0.40219.1
Project("{FAE04EC0-301F-11D3-BF4B-00C04F79EFBC}") = "JobPortal", "JobPortal\JobPortal.csproj", "{5F98E6F8-E489-45D9-A384-BC4105E856AE}"
EndProject
Global
	GlobalSection(SolutionConfigurationPlatforms) = preSolution
		Debug|Any CPU = Debug|Any CPU
		Release|Any CPU = Release|Any CPU
	EndGlobalSection
	GlobalSection(ProjectConfigurationPlatforms) = postSolution
		{5F98E6F8-E489-45D9-A384-BC4105E856AE}.Debug|Any CPU.ActiveCfg = Debug|Any CPU
		{5F98E6F8-E489-45D9-A384-BC4105E856AE}.Debug|Any CPU.Build.0 = Debug|Any CPU
		{5F98E6F8-E489-45D9-A384-BC4105E856AE}.Release|Any CPU.ActiveCfg = Release|Any CPU
		{5F98E6F8-E489-45D9-A384-BC4105E856AE}.Release|Any CPU.Build.0 = Release|Any CPU
	EndGlobalSection
	GlobalSection(SolutionProperties) = preSolution
		HideSolutionNode = FALSE
	EndGlobalSection
	GlobalSection(ExtensibilityGlobals) = postSolution
		SolutionGuid = {AEEFD453-0955-4E06-9EF8-5E81BC8627FB}
	EndGlobalSection
EndGlobal
